
Microsoft Visual Studio Solution File, Format Version 12.00
# Visual Studio Version 17
VisualStudioVersion = 17.1.32210.238
MinimumVisualStudioVersion = 10.0.40219.1
Project("{FAE04EC0-301F-11D3-BF4B-00C04F79EFBC}") = "Knapsack Problem", "Knapsack Problem\Knapsack Problem.csproj", "{7ACB43D6-C905-4157-895E-C6CE90AEDD9F}"
EndProject
Project("{FAE04EC0-301F-11D3-BF4B-00C04F79EFBC}") = "KnapsackTest", "KnapsackTest\KnapsackTest.csproj", "{75DB3FFE-2E2F-42FC-8A32-FD4EA568D517}"
EndProject
Project("{FAE04EC0-301F-11D3-BF4B-00C04F79EFBC}") = "KnapsackForm", "KnapsackForm\KnapsackForm.csproj", "{7BFC0723-0183-46CC-89F1-BCE3F66DD030}"
EndProject
Global
	GlobalSection(SolutionConfigurationPlatforms) = preSolution
		Debug|Any CPU = Debug|Any CPU
		Release|Any CPU = Release|Any CPU
	EndGlobalSection
	GlobalSection(ProjectConfigurationPlatforms) = postSolution
		{7ACB43D6-C905-4157-895E-C6CE90AEDD9F}.Debug|Any CPU.ActiveCfg = Debug|Any CPU
		{7ACB43D6-C905-4157-895E-C6CE90AEDD9F}.Debug|Any CPU.Build.0 = Debug|Any CPU
		{7ACB43D6-C905-4157-895E-C6CE90AEDD9F}.Release|Any CPU.ActiveCfg = Release|Any CPU
		{7ACB43D6-C905-4157-895E-C6CE90AEDD9F}.Release|Any CPU.Build.0 = Release|Any CPU
		{75DB3FFE-2E2F-42FC-8A32-FD4EA568D517}.Debug|Any CPU.ActiveCfg = Debug|Any CPU
		{75DB3FFE-2E2F-42FC-8A32-FD4EA568D517}.Debug|Any CPU.Build.0 = Debug|Any CPU
		{75DB3FFE-2E2F-42FC-8A32-FD4EA568D517}.Release|Any CPU.ActiveCfg = Release|Any CPU
		{75DB3FFE-2E2F-42FC-8A32-FD4EA568D517}.Release|Any CPU.Build.0 = Release|Any CPU
		{7BFC0723-0183-46CC-89F1-BCE3F66DD030}.Debug|Any CPU.ActiveCfg = Debug|Any CPU
		{7BFC0723-0183-46CC-89F1-BCE3F66DD030}.Debug|Any CPU.Build.0 = Debug|Any CPU
		{7BFC0723-0183-46CC-89F1-BCE3F66DD030}.Release|Any CPU.ActiveCfg = Release|Any CPU
		{7BFC0723-0183-46CC-89F1-BCE3F66DD030}.Release|Any CPU.Build.0 = Release|Any CPU
	EndGlobalSection
	GlobalSection(SolutionProperties) = preSolution
		HideSolutionNode = FALSE
	EndGlobalSection
	GlobalSection(ExtensibilityGlobals) = postSolution
		SolutionGuid = {8AC86A7A-557B-48DE-BC56-5075EEA25D6B}
	EndGlobalSection
EndGlobal
